{
    "_readme": [
        "This file locks the dependencies of your project to a known state",
        "Read more about it at https://getcomposer.org/doc/01-basic-usage.md#composer-lock-the-lock-file",
        "This file is @generated automatically"
    ],
    "content-hash": "415fc53e5770ac9eddce9bb55ae53d9a",
    "packages": [
        {
            "name": "cakephp/utility",
            "version": "3.5.13",
            "source": {
                "type": "git",
                "url": "https://github.com/cakephp/utility.git",
                "reference": "523d6019dea4c0ac9e30d58ae2be6114d0cfd139"
            },
            "dist": {
                "type": "zip",
                "url": "https://api.github.com/repos/cakephp/utility/zipball/523d6019dea4c0ac9e30d58ae2be6114d0cfd139",
                "reference": "523d6019dea4c0ac9e30d58ae2be6114d0cfd139",
                "shasum": ""
            },
            "require": {
                "php": ">=5.6.0"
            },
            "suggest": {
                "ext-intl": "To use Text::transliterate() or Text::slug()",
                "lib-ICU": "To use Text::transliterate() or Text::slug()"
            },
            "type": "library",
            "autoload": {
                "psr-4": {
                    "Cake\\Utility\\": "."
                },
                "files": [
                    "bootstrap.php"
                ]
            },
            "notification-url": "https://packagist.org/downloads/",
            "license": [
                "MIT"
            ],
            "authors": [
                {
                    "name": "CakePHP Community",
                    "homepage": "https://github.com/cakephp/utility/graphs/contributors"
                }
            ],
            "description": "CakePHP Utility classes such as Inflector, String, Hash, and Security",
            "homepage": "https://cakephp.org",
            "keywords": [
                "cakephp",
                "hash",
                "inflector",
                "security",
                "string",
                "utility"
            ],
            "time": "2018-01-04T15:33:21+00:00"
        },
        {
            "name": "electrolinux/phpquery",
            "version": "0.9.6",
            "source": {
                "type": "git",
                "url": "https://github.com/electrolinux/phpquery.git",
                "reference": "6cb8afcfe8cd4ce45f2f8c27d561383037c27a3a"
            },
            "dist": {
                "type": "zip",
                "url": "https://api.github.com/repos/electrolinux/phpquery/zipball/6cb8afcfe8cd4ce45f2f8c27d561383037c27a3a",
                "reference": "6cb8afcfe8cd4ce45f2f8c27d561383037c27a3a",
                "shasum": ""
            },
            "type": "library",
            "autoload": {
                "classmap": [
                    "phpQuery/"
                ]
            },
            "notification-url": "https://packagist.org/downloads/",
            "license": [
                "MIT"
            ],
            "authors": [
                {
                    "name": "Tobiasz Cudnik",
                    "email": "tobiasz.cudnik@gmail.com",
                    "homepage": "https://github.com/TobiaszCudnik",
                    "role": "Developer"
                },
                {
                    "name": "didier Belot",
                    "role": "Packager"
                }
            ],
            "description": "phpQuery is a server-side, chainable, CSS3 selector driven Document Object Model (DOM) API based on jQuery JavaScript Library",
            "homepage": "http://code.google.com/p/phpquery/",
            "time": "2013-03-21T12:39:33+00:00"
        },
        {
            "name": "ezyang/htmlpurifier",
            "version": "v4.10.0",
            "source": {
                "type": "git",
                "url": "https://github.com/ezyang/htmlpurifier.git",
                "reference": "d85d39da4576a6934b72480be6978fb10c860021"
            },
            "dist": {
                "type": "zip",
                "url": "https://api.github.com/repos/ezyang/htmlpurifier/zipball/d85d39da4576a6934b72480be6978fb10c860021",
                "reference": "d85d39da4576a6934b72480be6978fb10c860021",
                "shasum": ""
            },
            "require": {
                "php": ">=5.2"
            },
            "require-dev": {
                "simpletest/simpletest": "^1.1"
            },
            "type": "library",
            "autoload": {
                "psr-0": {
                    "HTMLPurifier": "library/"
                },
                "files": [
                    "library/HTMLPurifier.composer.php"
                ]
            },
            "notification-url": "https://packagist.org/downloads/",
            "license": [
                "LGPL"
            ],
            "authors": [
                {
                    "name": "Edward Z. Yang",
                    "email": "admin@htmlpurifier.org",
                    "homepage": "http://ezyang.com"
                }
            ],
            "description": "Standards compliant HTML filter written in PHP",
            "homepage": "http://htmlpurifier.org/",
            "keywords": [
                "html"
            ],
            "time": "2018-02-23T01:58:20+00:00"
        }
    ],
    "packages-dev": [],
    "aliases": [],
    "minimum-stability": "stable",
    "stability-flags": [],
    "prefer-stable": false,
    "prefer-lowest": false,
    "platform": [],
    "platform-dev": []
}
